{
  "name": "public",
  "version": "1.0.0",
  "lockfileVersion": 1,
  "requires": true,
  "dependencies": {
    "@uirouter/angularjs": {
      "version": "1.0.14",
      "resolved": "https://registry.npmjs.org/@uirouter/angularjs/-/angularjs-1.0.14.tgz",
      "integrity": "sha512-XqHQA96DiOUJthHk9d7gmzt/Fu72e/Ahn+1cuBCYhofaWecibj4AhfyvxwsdzfLo0QBDMMiYOi2GlPzXOyvo4w==",
      "requires": {
        "@uirouter/core": "5.0.16"
      },
      "dependencies": {
        "@uirouter/core": {
          "version": "5.0.16",
          "resolved": "https://registry.npmjs.org/@uirouter/core/-/core-5.0.16.tgz",
          "integrity": "sha512-iCEkShFX0/NflH6rmpxTLXHQpe2t8ZkxcDa0g7sQD2/tDPUgiVXHVC0Jfw0qCnUaIeWHUBOATMe8fuZrLjydqA=="
        }
      }
    },
    "@uirouter/core": {
      "version": "5.0.3",
      "resolved": "https://registry.npmjs.org/@uirouter/core/-/core-5.0.3.tgz",
      "integrity": "sha1-4rWx5FGQ4gxnuk4VwBPeXU4MyrM="
    },
    "angular": {
      "version": "1.6.9",
      "resolved": "https://registry.npmjs.org/angular/-/angular-1.6.9.tgz",
      "integrity": "sha512-6igWH2GIsxV+J38wNWCh8oyjaZsrIPIDO35twloIUyjlF2Yit6UyLAWujHP05ma/LFxTsx4NtYibRoMNBXPR1A=="
    },
    "angular-bootstrap": {
      "version": "0.12.2",
      "resolved": "https://registry.npmjs.org/angular-bootstrap/-/angular-bootstrap-0.12.2.tgz",
      "integrity": "sha1-3pkAp9sIen6dpHMEqcL3f5wGmCc="
    },
    "angular-ui-router": {
      "version": "1.0.3",
      "resolved": "https://registry.npmjs.org/angular-ui-router/-/angular-ui-router-1.0.3.tgz",
      "integrity": "sha1-vySUyq6Vw3zwGvN2HYl0fP7S20U=",
      "requires": {
        "@uirouter/core": "5.0.3"
      }
    },
    "bootstrap": {
      "version": "4.0.0",
      "resolved": "https://registry.npmjs.org/bootstrap/-/bootstrap-4.0.0.tgz",
      "integrity": "sha512-gulJE5dGFo6Q61V/whS6VM4WIyrlydXfCgkE+Gxe5hjrJ8rXLLZlALq7zq2RPhOc45PSwQpJkrTnc2KgD6cvmA=="
    },
    "bootstrap-material-design": {
      "version": "4.1.1",
      "resolved": "https://registry.npmjs.org/bootstrap-material-design/-/bootstrap-material-design-4.1.1.tgz",
      "integrity": "sha1-h0M9sL9k1qCvsPX6qoYGE0ydJtI="
    },
    "jquery": {
      "version": "3.3.1",
      "resolved": "https://registry.npmjs.org/jquery/-/jquery-3.3.1.tgz",
      "integrity": "sha512-Ubldcmxp5np52/ENotGxlLe6aGMvmF4R8S6tZjsP6Knsaxd/xp3Zrh50cG93lR6nPXyUFwzN3ZSOQI0wRJNdGg=="
    },
    "ngstorage": {
      "version": "0.3.11",
      "resolved": "https://registry.npmjs.org/ngstorage/-/ngstorage-0.3.11.tgz",
      "integrity": "sha1-FjfEW4ctkJ2cx+GLN0iY1QsuhE8="
    },
    "popper.js": {
      "version": "1.12.9",
      "resolved": "https://registry.npmjs.org/popper.js/-/popper.js-1.12.9.tgz",
      "integrity": "sha1-DfvC3/lsRRuzMu3Pz6r1ZtMx1bM="
    },
    "ui-router": {
      "version": "1.0.0-alpha.3",
      "resolved": "https://registry.npmjs.org/ui-router/-/ui-router-1.0.0-alpha.3.tgz",
      "integrity": "sha1-sphycgIosJr1UlnpQY9eFLwH2WI="
    }
  }
}
